
Microsoft Visual Studio Solution File, Format Version 12.00
# Visual Studio Version 17
VisualStudioVersion = 17.13.35825.156 d17.13
MinimumVisualStudioVersion = 10.0.40219.1
Project("{FAE04EC0-301F-11D3-BF4B-00C04F79EFBC}") = "MemoryGameWPF", "MemoryGameWPF\MemoryGameWPF.csproj", "{BA9C7B98-3357-4476-9904-2495D741114E}"
EndProject
Global
	GlobalSection(SolutionConfigurationPlatforms) = preSolution
		Debug|Any CPU = Debug|Any CPU
		Release|Any CPU = Release|Any CPU
	EndGlobalSection
	GlobalSection(ProjectConfigurationPlatforms) = postSolution
		{BA9C7B98-3357-4476-9904-2495D741114E}.Debug|Any CPU.ActiveCfg = Debug|Any CPU
		{BA9C7B98-3357-4476-9904-2495D741114E}.Debug|Any CPU.Build.0 = Debug|Any CPU
		{BA9C7B98-3357-4476-9904-2495D741114E}.Release|Any CPU.ActiveCfg = Release|Any CPU
		{BA9C7B98-3357-4476-9904-2495D741114E}.Release|Any CPU.Build.0 = Release|Any CPU
	EndGlobalSection
	GlobalSection(SolutionProperties) = preSolution
		HideSolutionNode = FALSE
	EndGlobalSection
	GlobalSection(ExtensibilityGlobals) = postSolution
		SolutionGuid = {AF1BB761-E507-4D1A-8D26-F40BD0CCECF4}
	EndGlobalSection
EndGlobal
